
Microsoft Visual Studio Solution File, Format Version 12.00
# Visual Studio Version 17
VisualStudioVersion = 17.9.34622.214
MinimumVisualStudioVersion = 10.0.40219.1
Project("{FAE04EC0-301F-11D3-BF4B-00C04F79EFBC}") = "net_threads", "net_threads\net_threads.csproj", "{591C6BE6-F3A7-47B3-B724-24ECF8497490}"
EndProject
Project("{FAE04EC0-301F-11D3-BF4B-00C04F79EFBC}") = "parallel_and_thread_comparision", "parallel_and_thread_comparision\parallel_and_thread_comparision.csproj", "{4F027689-F43D-4452-80A0-0951AF3A075E}"
EndProject
Project("{FAE04EC0-301F-11D3-BF4B-00C04F79EFBC}") = "image_processing_with_threads", "image_processing_with_threads\image_processing_with_threads.csproj", "{380390D1-6287-4C18-A8CC-B061E72C94E7}"
EndProject
Global
	GlobalSection(SolutionConfigurationPlatforms) = preSolution
		Debug|Any CPU = Debug|Any CPU
		Release|Any CPU = Release|Any CPU
	EndGlobalSection
	GlobalSection(ProjectConfigurationPlatforms) = postSolution
		{591C6BE6-F3A7-47B3-B724-24ECF8497490}.Debug|Any CPU.ActiveCfg = Debug|Any CPU
		{591C6BE6-F3A7-47B3-B724-24ECF8497490}.Debug|Any CPU.Build.0 = Debug|Any CPU
		{591C6BE6-F3A7-47B3-B724-24ECF8497490}.Release|Any CPU.ActiveCfg = Release|Any CPU
		{591C6BE6-F3A7-47B3-B724-24ECF8497490}.Release|Any CPU.Build.0 = Release|Any CPU
		{4F027689-F43D-4452-80A0-0951AF3A075E}.Debug|Any CPU.ActiveCfg = Debug|Any CPU
		{4F027689-F43D-4452-80A0-0951AF3A075E}.Debug|Any CPU.Build.0 = Debug|Any CPU
		{4F027689-F43D-4452-80A0-0951AF3A075E}.Release|Any CPU.ActiveCfg = Release|Any CPU
		{4F027689-F43D-4452-80A0-0951AF3A075E}.Release|Any CPU.Build.0 = Release|Any CPU
		{380390D1-6287-4C18-A8CC-B061E72C94E7}.Debug|Any CPU.ActiveCfg = Debug|Any CPU
		{380390D1-6287-4C18-A8CC-B061E72C94E7}.Debug|Any CPU.Build.0 = Debug|Any CPU
		{380390D1-6287-4C18-A8CC-B061E72C94E7}.Release|Any CPU.ActiveCfg = Release|Any CPU
		{380390D1-6287-4C18-A8CC-B061E72C94E7}.Release|Any CPU.Build.0 = Release|Any CPU
	EndGlobalSection
	GlobalSection(SolutionProperties) = preSolution
		HideSolutionNode = FALSE
	EndGlobalSection
	GlobalSection(ExtensibilityGlobals) = postSolution
		SolutionGuid = {D2060FF7-14B6-4107-9BFB-19FB5AA3F36A}
	EndGlobalSection
EndGlobal
